
Microsoft Visual Studio Solution File, Format Version 12.00
# Visual Studio Version 17
VisualStudioVersion = 17.8.34322.80
MinimumVisualStudioVersion = 10.0.40219.1
Project("{FAE04EC0-301F-11D3-BF4B-00C04F79EFBC}") = "Movie.API", "Movie.API\Movie.API.csproj", "{B56D0298-EB57-433F-8A6C-B6D8D81941A1}"
EndProject
Global
	GlobalSection(SolutionConfigurationPlatforms) = preSolution
		Debug|Any CPU = Debug|Any CPU
		Release|Any CPU = Release|Any CPU
	EndGlobalSection
	GlobalSection(ProjectConfigurationPlatforms) = postSolution
		{B56D0298-EB57-433F-8A6C-B6D8D81941A1}.Debug|Any CPU.ActiveCfg = Debug|Any CPU
		{B56D0298-EB57-433F-8A6C-B6D8D81941A1}.Debug|Any CPU.Build.0 = Debug|Any CPU
		{B56D0298-EB57-433F-8A6C-B6D8D81941A1}.Release|Any CPU.ActiveCfg = Release|Any CPU
		{B56D0298-EB57-433F-8A6C-B6D8D81941A1}.Release|Any CPU.Build.0 = Release|Any CPU
	EndGlobalSection
	GlobalSection(SolutionProperties) = preSolution
		HideSolutionNode = FALSE
	EndGlobalSection
	GlobalSection(ExtensibilityGlobals) = postSolution
		SolutionGuid = {48D02A97-7C65-4018-9E9C-6280EF42B7C5}
	EndGlobalSection
EndGlobal
